
Microsoft Visual Studio Solution File, Format Version 12.00
# Visual Studio Version 16
VisualStudioVersion = 16.0.29728.190
MinimumVisualStudioVersion = 10.0.40219.1
Project("{FAE04EC0-301F-11D3-BF4B-00C04F79EFBC}") = "WebApplication4", "WebApplication4\WebApplication4.csproj", "{2F02EECE-1E02-48AB-88CA-9C3992FCD078}"
EndProject
Global
	GlobalSection(SolutionConfigurationPlatforms) = preSolution
		Debug|Any CPU = Debug|Any CPU
		Release|Any CPU = Release|Any CPU
	EndGlobalSection
	GlobalSection(ProjectConfigurationPlatforms) = postSolution
		{2F02EECE-1E02-48AB-88CA-9C3992FCD078}.Debug|Any CPU.ActiveCfg = Debug|Any CPU
		{2F02EECE-1E02-48AB-88CA-9C3992FCD078}.Debug|Any CPU.Build.0 = Debug|Any CPU
		{2F02EECE-1E02-48AB-88CA-9C3992FCD078}.Release|Any CPU.ActiveCfg = Release|Any CPU
		{2F02EECE-1E02-48AB-88CA-9C3992FCD078}.Release|Any CPU.Build.0 = Release|Any CPU
	EndGlobalSection
	GlobalSection(SolutionProperties) = preSolution
		HideSolutionNode = FALSE
	EndGlobalSection
	GlobalSection(ExtensibilityGlobals) = postSolution
		SolutionGuid = {DA390F85-65F1-44E7-84EF-406B877794A7}
	EndGlobalSection
EndGlobal
